{
  "nodes": {
    "nixpkgs": {
      "locked": {
        "lastModified": 1669045945,
        "narHash": "sha256-BQxzijvZpLQ7R+KuQzCPcFgIS6OK0Onb29pYFe2pzJo=",
        "owner": "NixOS",
        "repo": "nixpkgs",
        "rev": "6b5019a48f876f3288efc626fa8b70ad0c64eb46",
        "type": "github"
      },
      "original": {
        "owner": "NixOS",
        "ref": "nixpkgs-unstable",
        "repo": "nixpkgs",
        "type": "github"
      }
    },
    "root": {
      "inputs": {
        "nixpkgs": "nixpkgs"
      }
    }
  },
  "root": "root",
  "version": 7
}
